<?xml version="1.0" encoding="utf-8"?>
<Project ToolsVersion="4.0" xmlns="http://schemas.microsoft.com/developer/msbuild/2003">
  <ItemGroup>
    <Filter Include="ソース ファイル">
      <UniqueIdentifier>{4FC737F1-C7A5-4376-A066-2A32D752A2FF}</UniqueIdentifier>
      <Extensions>cpp;c;cc;cxx;c++;cppm;ixx;def;odl;idl;hpj;bat;asm;asmx</Extensions>
    </Filter>
    <Filter Include="ヘッダー ファイル">
      <UniqueIdentifier>{93995380-89BD-4b04-88EB-625FBE52EBFB}</UniqueIdentifier>
      <Extensions>h;hh;hpp;hxx;h++;hm;inl;inc;ipp;xsd</Extensions>
    </Filter>
    <Filter Include="リソース ファイル">
      <UniqueIdentifier>{67DA6AB6-F800-4c08-8B7A-83BB121AAD01}</UniqueIdentifier>
      <Extensions>rc;ico;cur;bmp;dlg;rc2;rct;bin;rgs;gif;jpg;jpeg;jpe;resx;tiff;tif;png;wav;mfcribbon-ms</Extensions>
    </Filter>
    <Filter Include="リソース ファイル\shaders">
      <UniqueIdentifier>{8d657c9b-528c-4bd3-a98d-ad6cb9cacc65}</UniqueIdentifier>
    </Filter>
    <Filter Include="リソース ファイル\shaders\FBX">
      <UniqueIdentifier>{44b421f8-95ba-4e02-854a-45595c982737}</UniqueIdentifier>
    </Filter>
    <Filter Include="リソース ファイル\shaders\OBJ">
      <UniqueIdentifier>{8e2d1a7c-f8a4-4c41-ae47-d5691add6108}</UniqueIdentifier>
    </Filter>
    <Filter Include="リソース ファイル\shaders\Diff">
      <UniqueIdentifier>{b099ab8e-46d1-474a-9ef6-41359ca74239}</UniqueIdentifier>
    </Filter>
    <Filter Include="リソース ファイル\shaders\Sprite">
      <UniqueIdentifier>{b4337125-6345-4952-b894-abfabbd8acb4}</UniqueIdentifier>
    </Filter>
    <Filter Include="リソース ファイル\shaders\Particle">
      <UniqueIdentifier>{39333f35-c67d-4358-9a89-746d921d0cee}</UniqueIdentifier>
    </Filter>
    <Filter Include="game">
      <UniqueIdentifier>{4628f090-fb3e-4d6f-bedc-a13b2e1894d8}</UniqueIdentifier>
    </Filter>
    <Filter Include="game\head">
      <UniqueIdentifier>{a4ce717a-b9da-44f7-b7fc-1779892cd14b}</UniqueIdentifier>
    </Filter>
    <Filter Include="game\head\heads">
      <UniqueIdentifier>{15711186-0b8b-4039-b189-d51caceb01be}</UniqueIdentifier>
    </Filter>
    <Filter Include="game\Scene">
      <UniqueIdentifier>{fa7e9ba2-c457-45b0-b812-3cf88a766eee}</UniqueIdentifier>
    </Filter>
    <Filter Include="game\Scene\SceneManager">
      <UniqueIdentifier>{c3ec2f4f-7de2-43d3-acad-caa1a9075866}</UniqueIdentifier>
    </Filter>
    <Filter Include="game\Scene\enginedebug">
      <UniqueIdentifier>{d370754a-c22a-4d2c-92d0-dcbe89ef0a45}</UniqueIdentifier>
    </Filter>
  </ItemGroup>
  <ItemGroup>
    <ClCompile Include="main.cpp">
      <Filter>ソース ファイル</Filter>
    </ClCompile>
    <ClCompile Include="ProtoPlayer.cpp">
      <Filter>ソース ファイル</Filter>
    </ClCompile>
    <ClCompile Include="Result.cpp">
      <Filter>ソース ファイル</Filter>
    </ClCompile>
    <ClCompile Include="Title.cpp">
      <Filter>game\Scene</Filter>
    </ClCompile>
    <ClCompile Include="GameScene.cpp">
      <Filter>game\Scene</Filter>
    </ClCompile>
    <ClCompile Include="SceneManager.cpp">
      <Filter>game\Scene\SceneManager</Filter>
    </ClCompile>
    <ClCompile Include="ISceneChanger.cpp">
      <Filter>game\Scene\SceneManager</Filter>
    </ClCompile>
    <ClCompile Include="GameManager.cpp">
      <Filter>ソース ファイル</Filter>
    </ClCompile>
    <ClCompile Include="BaseScene.cpp">
      <Filter>game\Scene\SceneManager</Filter>
    </ClCompile>
    <ClCompile Include="ScoreManager.cpp">
      <Filter>ソース ファイル</Filter>
    </ClCompile>
    <ClCompile Include="GameSoundMgr.cpp">
      <Filter>ソース ファイル</Filter>
    </ClCompile>
    <ClCompile Include="FieldDrawer.cpp">
      <Filter>ソース ファイル</Filter>
    </ClCompile>
    <ClCompile Include="SceneChangeDirection.cpp">
      <Filter>ソース ファイル</Filter>
    </ClCompile>
    <ClCompile Include="Head.cpp">
      <Filter>game\head</Filter>
    </ClCompile>
    <ClCompile Include="HeadManager.cpp">
      <Filter>game\head</Filter>
    </ClCompile>
    <ClCompile Include="AfroHead.cpp">
      <Filter>game\head\heads</Filter>
    </ClCompile>
    <ClCompile Include="LightHearHead.cpp">
      <Filter>game\head\heads</Filter>
    </ClCompile>
    <ClCompile Include="HageHead.cpp">
      <Filter>game\head\heads</Filter>
    </ClCompile>
    <ClCompile Include="EngineDebugScene.cpp">
      <Filter>game\Scene\enginedebug</Filter>
    </ClCompile>
    <ClCompile Include="TitleScene.cpp">
      <Filter>game\Scene</Filter>
    </ClCompile>
    <ClCompile Include="TutorialScene.cpp">
      <Filter>game\Scene</Filter>
    </ClCompile>
    <ClCompile Include="ResultScene.cpp">
      <Filter>game\Scene</Filter>
    </ClCompile>
  </ItemGroup>
  <ItemGroup>
    <FxCompile Include="Resources\Shaders\mpEffectPixelShader.hlsl">
      <Filter>リソース ファイル\shaders</Filter>
    </FxCompile>
    <FxCompile Include="Resources\Shaders\mpPixelShader.hlsl">
      <Filter>リソース ファイル\shaders</Filter>
    </FxCompile>
    <FxCompile Include="Resources\Shaders\mpVertexShader.hlsl">
      <Filter>リソース ファイル\shaders</Filter>
    </FxCompile>
    <FxCompile Include="Resources\Shaders\FBXVertexShader.hlsl">
      <Filter>リソース ファイル\shaders\FBX</Filter>
    </FxCompile>
    <FxCompile Include="Resources\Shaders\OBJGeometryShader.hlsl">
      <Filter>リソース ファイル\shaders\OBJ</Filter>
    </FxCompile>
    <FxCompile Include="Resources\Shaders\OBJPixelShader.hlsl">
      <Filter>リソース ファイル\shaders\OBJ</Filter>
    </FxCompile>
    <FxCompile Include="Resources\Shaders\OBJVertexShader.hlsl">
      <Filter>リソース ファイル\shaders\OBJ</Filter>
    </FxCompile>
    <FxCompile Include="Resources\Shaders\LIT_OBJPixelShader.hlsl">
      <Filter>リソース ファイル\shaders\Diff</Filter>
    </FxCompile>
    <FxCompile Include="Resources\Shaders\LIT_OBJVertexShader.hlsl">
      <Filter>リソース ファイル\shaders\Diff</Filter>
    </FxCompile>
    <FxCompile Include="Resources\Shaders\SpriteGS.hlsl">
      <Filter>リソース ファイル\shaders\Sprite</Filter>
    </FxCompile>
    <FxCompile Include="Resources\Shaders\SpriteVS.hlsl">
      <Filter>リソース ファイル\shaders\Sprite</Filter>
    </FxCompile>
    <FxCompile Include="Resources\Shaders\SpriteSepiaPS.hlsl">
      <Filter>リソース ファイル\shaders\Sprite</Filter>
    </FxCompile>
    <FxCompile Include="Resources\Shaders\SpritePS.hlsl">
      <Filter>リソース ファイル\shaders\Sprite</Filter>
    </FxCompile>
    <FxCompile Include="Resources\Shaders\SpriteLineGS.hlsl">
      <Filter>リソース ファイル\shaders\Sprite</Filter>
    </FxCompile>
    <FxCompile Include="Resources\Shaders\ShadowMapVS.hlsl">
      <Filter>リソース ファイル\shaders\Diff</Filter>
    </FxCompile>
    <FxCompile Include="Resources\Shaders\ShadowMapFbxVS.hlsl">
      <Filter>リソース ファイル\shaders\Diff</Filter>
    </FxCompile>
    <FxCompile Include="Resources\Shaders\ShadowMapPS.hlsl">
      <Filter>リソース ファイル\shaders\Diff</Filter>
    </FxCompile>
    <FxCompile Include="Resources\Shaders\ParticleVS.hlsl">
      <Filter>リソース ファイル\shaders\Particle</Filter>
    </FxCompile>
    <FxCompile Include="Resources\Shaders\ParticlePS.hlsl">
      <Filter>リソース ファイル\shaders\Particle</Filter>
    </FxCompile>
    <FxCompile Include="Resources\Shaders\ParticleGS.hlsl">
      <Filter>リソース ファイル\shaders\Particle</Filter>
    </FxCompile>
  </ItemGroup>
  <ItemGroup>
    <None Include="Resources\Shaders\mpShaderHeader.hlsli">
      <Filter>リソース ファイル\shaders</Filter>
    </None>
    <None Include="Resources\Shaders\OBJShaderHeader.hlsli">
      <Filter>リソース ファイル\shaders\OBJ</Filter>
    </None>
    <None Include="Resources\Shaders\LIT_OBJHeader.hlsli">
      <Filter>リソース ファイル\shaders\Diff</Filter>
    </None>
    <None Include="Resources\Shaders\Sprite.hlsli">
      <Filter>リソース ファイル\shaders\Sprite</Filter>
    </None>
    <None Include="Resources\Shaders\ShadowMapShaderHeader.hlsli">
      <Filter>リソース ファイル\shaders\Diff</Filter>
    </None>
    <None Include="Resources\Shaders\ParticleShaderHeader.hlsli">
      <Filter>リソース ファイル\shaders\Particle</Filter>
    </None>
  </ItemGroup>
  <ItemGroup>
    <ClInclude Include="ProtoPlayer.h">
      <Filter>ヘッダー ファイル</Filter>
    </ClInclude>
    <ClInclude Include="GameManager.h">
      <Filter>ヘッダー ファイル</Filter>
    </ClInclude>
    <ClInclude Include="Result.h">
      <Filter>ヘッダー ファイル</Filter>
    </ClInclude>
    <ClInclude Include="SceneManager.h">
      <Filter>game\Scene\SceneManager</Filter>
    </ClInclude>
    <ClInclude Include="ISceneChanger.h">
      <Filter>game\Scene\SceneManager</Filter>
    </ClInclude>
    <ClInclude Include="GameScene.h">
      <Filter>game\Scene</Filter>
    </ClInclude>
    <ClInclude Include="BaseScene.h">
      <Filter>game\Scene\SceneManager</Filter>
    </ClInclude>
    <ClInclude Include="Task.h">
      <Filter>game\Scene\SceneManager</Filter>
    </ClInclude>
    <ClInclude Include="ScoreManager.h">
      <Filter>ヘッダー ファイル</Filter>
    </ClInclude>
    <ClInclude Include="GameSoundMgr.h">
      <Filter>ヘッダー ファイル</Filter>
    </ClInclude>
    <ClInclude Include="FieldDrawer.h">
      <Filter>ヘッダー ファイル</Filter>
    </ClInclude>
    <ClInclude Include="SceneChangeDirection.h">
      <Filter>ヘッダー ファイル</Filter>
    </ClInclude>
    <ClInclude Include="Head.h">
      <Filter>game\head</Filter>
    </ClInclude>
    <ClInclude Include="HageHead.h">
      <Filter>game\head\heads</Filter>
    </ClInclude>
    <ClInclude Include="HeadManager.h">
      <Filter>game\head</Filter>
    </ClInclude>
    <ClInclude Include="AfroHead.h">
      <Filter>game\head\heads</Filter>
    </ClInclude>
    <ClInclude Include="LightHearHead.h">
      <Filter>game\head\heads</Filter>
    </ClInclude>
    <ClInclude Include="EngineDebugScene.h">
      <Filter>game\Scene\enginedebug</Filter>
    </ClInclude>
    <ClInclude Include="TitleScene.h">
      <Filter>game\Scene</Filter>
    </ClInclude>
    <ClInclude Include="Title.h">
      <Filter>game\Scene</Filter>
    </ClInclude>
    <ClInclude Include="TutorialScene.h">
      <Filter>game\Scene</Filter>
    </ClInclude>
    <ClInclude Include="ResultScene.h">
      <Filter>game\Scene</Filter>
    </ClInclude>
  </ItemGroup>
</Project>